
Microsoft Visual Studio Solution File, Format Version 12.00
# Visual Studio Version 17
VisualStudioVersion = 17.11.35222.181
MinimumVisualStudioVersion = 10.0.40219.1
Project("{FAE04EC0-301F-11D3-BF4B-00C04F79EFBC}") = "Avans_PokieBattle", "Avans_PokieBattle\Avans_PokieBattle.csproj", "{311033C6-5000-4174-A770-197A1868A515}"
EndProject
Global
	GlobalSection(SolutionConfigurationPlatforms) = preSolution
		Debug|Any CPU = Debug|Any CPU
		Release|Any CPU = Release|Any CPU
	EndGlobalSection
	GlobalSection(ProjectConfigurationPlatforms) = postSolution
		{311033C6-5000-4174-A770-197A1868A515}.Debug|Any CPU.ActiveCfg = Debug|Any CPU
		{311033C6-5000-4174-A770-197A1868A515}.Debug|Any CPU.Build.0 = Debug|Any CPU
		{311033C6-5000-4174-A770-197A1868A515}.Release|Any CPU.ActiveCfg = Release|Any CPU
		{311033C6-5000-4174-A770-197A1868A515}.Release|Any CPU.Build.0 = Release|Any CPU
	EndGlobalSection
	GlobalSection(SolutionProperties) = preSolution
		HideSolutionNode = FALSE
	EndGlobalSection
	GlobalSection(ExtensibilityGlobals) = postSolution
		SolutionGuid = {A01A0559-6CF8-4EE1-A932-B7F82E5D30FF}
	EndGlobalSection
EndGlobal
